
Microsoft Visual Studio Solution File, Format Version 12.00
# Visual Studio Version 16
VisualStudioVersion = 16.0.29827.131
MinimumVisualStudioVersion = 10.0.40219.1
Project("{FAE04EC0-301F-11D3-BF4B-00C04F79EFBC}") = "Viatic.Common", "Viatic\Viatic.Common.csproj", "{C6D99FDF-74DF-4E83-9983-16E431F021CC}"
EndProject
Project("{FAE04EC0-301F-11D3-BF4B-00C04F79EFBC}") = "Viatic.Web", "Viatic.Web\Viatic.Web.csproj", "{498CF4C1-17E7-461D-A0B3-15688B40EDA7}"
EndProject
Project("{FAE04EC0-301F-11D3-BF4B-00C04F79EFBC}") = "Viatic.Prism", "Viatic.Prism\Viatic.Prism\Viatic.Prism.csproj", "{38402CEF-2AF4-459A-B2FB-29375236B95A}"
EndProject
Project("{FAE04EC0-301F-11D3-BF4B-00C04F79EFBC}") = "Viatic.Prism.Android", "Viatic.Prism\Viatic.Prism.Android\Viatic.Prism.Android.csproj", "{BB89381B-39FB-4B09-9C8B-D3DA449684FF}"
EndProject
Project("{FAE04EC0-301F-11D3-BF4B-00C04F79EFBC}") = "Viatic.Prism.iOS", "Viatic.Prism\Viatic.Prism.iOS\Viatic.Prism.iOS.csproj", "{D9F492ED-46FA-49B3-9810-376B9A10F5E4}"
EndProject
Project("{FAE04EC0-301F-11D3-BF4B-00C04F79EFBC}") = "Viatic.Cross.Android", "Viatic.Cross.Android\Viatic.Cross.Android.csproj", "{43BB786D-4B3F-430C-B6CF-2945B3358751}"
EndProject
Project("{FAE04EC0-301F-11D3-BF4B-00C04F79EFBC}") = "Viatic.Cross.iOS", "Viatic.Cross.iOS\Viatic.Cross.iOS.csproj", "{B1BF93DC-C59B-46B1-8300-E6E26BB537E7}"
EndProject
Global
	GlobalSection(SolutionConfigurationPlatforms) = preSolution
		Ad-Hoc|Any CPU = Ad-Hoc|Any CPU
		Ad-Hoc|iPhone = Ad-Hoc|iPhone
		Ad-Hoc|iPhoneSimulator = Ad-Hoc|iPhoneSimulator
		AppStore|Any CPU = AppStore|Any CPU
		AppStore|iPhone = AppStore|iPhone
		AppStore|iPhoneSimulator = AppStore|iPhoneSimulator
		Debug|Any CPU = Debug|Any CPU
		Debug|iPhone = Debug|iPhone
		Debug|iPhoneSimulator = Debug|iPhoneSimulator
		Release|Any CPU = Release|Any CPU
		Release|iPhone = Release|iPhone
		Release|iPhoneSimulator = Release|iPhoneSimulator
	EndGlobalSection
	GlobalSection(ProjectConfigurationPlatforms) = postSolution
		{C6D99FDF-74DF-4E83-9983-16E431F021CC}.Ad-Hoc|Any CPU.ActiveCfg = Debug|Any CPU
		{C6D99FDF-74DF-4E83-9983-16E431F021CC}.Ad-Hoc|Any CPU.Build.0 = Debug|Any CPU
		{C6D99FDF-74DF-4E83-9983-16E431F021CC}.Ad-Hoc|iPhone.ActiveCfg = Debug|Any CPU
		{C6D99FDF-74DF-4E83-9983-16E431F021CC}.Ad-Hoc|iPhone.Build.0 = Debug|Any CPU
		{C6D99FDF-74DF-4E83-9983-16E431F021CC}.Ad-Hoc|iPhoneSimulator.ActiveCfg = Debug|Any CPU
		{C6D99FDF-74DF-4E83-9983-16E431F021CC}.Ad-Hoc|iPhoneSimulator.Build.0 = Debug|Any CPU
		{C6D99FDF-74DF-4E83-9983-16E431F021CC}.AppStore|Any CPU.ActiveCfg = Debug|Any CPU
		{C6D99FDF-74DF-4E83-9983-16E431F021CC}.AppStore|Any CPU.Build.0 = Debug|Any CPU
		{C6D99FDF-74DF-4E83-9983-16E431F021CC}.AppStore|iPhone.ActiveCfg = Debug|Any CPU
		{C6D99FDF-74DF-4E83-9983-16E431F021CC}.AppStore|iPhone.Build.0 = Debug|Any CPU
		{C6D99FDF-74DF-4E83-9983-16E431F021CC}.AppStore|iPhoneSimulator.ActiveCfg = Debug|Any CPU
		{C6D99FDF-74DF-4E83-9983-16E431F021CC}.AppStore|iPhoneSimulator.Build.0 = Debug|Any CPU
		{C6D99FDF-74DF-4E83-9983-16E431F021CC}.Debug|Any CPU.ActiveCfg = Debug|Any CPU
		{C6D99FDF-74DF-4E83-9983-16E431F021CC}.Debug|Any CPU.Build.0 = Debug|Any CPU
		{C6D99FDF-74DF-4E83-9983-16E431F021CC}.Debug|iPhone.ActiveCfg = Debug|Any CPU
		{C6D99FDF-74DF-4E83-9983-16E431F021CC}.Debug|iPhone.Build.0 = Debug|Any CPU
		{C6D99FDF-74DF-4E83-9983-16E431F021CC}.Debug|iPhoneSimulator.ActiveCfg = Debug|Any CPU
		{C6D99FDF-74DF-4E83-9983-16E431F021CC}.Debug|iPhoneSimulator.Build.0 = Debug|Any CPU
		{C6D99FDF-74DF-4E83-9983-16E431F021CC}.Release|Any CPU.ActiveCfg = Release|Any CPU
		{C6D99FDF-74DF-4E83-9983-16E431F021CC}.Release|Any CPU.Build.0 = Release|Any CPU
		{C6D99FDF-74DF-4E83-9983-16E431F021CC}.Release|iPhone.ActiveCfg = Release|Any CPU
		{C6D99FDF-74DF-4E83-9983-16E431F021CC}.Release|iPhone.Build.0 = Release|Any CPU
		{C6D99FDF-74DF-4E83-9983-16E431F021CC}.Release|iPhoneSimulator.ActiveCfg = Release|Any CPU
		{C6D99FDF-74DF-4E83-9983-16E431F021CC}.Release|iPhoneSimulator.Build.0 = Release|Any CPU
		{498CF4C1-17E7-461D-A0B3-15688B40EDA7}.Ad-Hoc|Any CPU.ActiveCfg = Debug|Any CPU
		{498CF4C1-17E7-461D-A0B3-15688B40EDA7}.Ad-Hoc|Any CPU.Build.0 = Debug|Any CPU
		{498CF4C1-17E7-461D-A0B3-15688B40EDA7}.Ad-Hoc|iPhone.ActiveCfg = Debug|Any CPU
		{498CF4C1-17E7-461D-A0B3-15688B40EDA7}.Ad-Hoc|iPhone.Build.0 = Debug|Any CPU
		{498CF4C1-17E7-461D-A0B3-15688B40EDA7}.Ad-Hoc|iPhoneSimulator.ActiveCfg = Debug|Any CPU
		{498CF4C1-17E7-461D-A0B3-15688B40EDA7}.Ad-Hoc|iPhoneSimulator.Build.0 = Debug|Any CPU
		{498CF4C1-17E7-461D-A0B3-15688B40EDA7}.AppStore|Any CPU.ActiveCfg = Debug|Any CPU
		{498CF4C1-17E7-461D-A0B3-15688B40EDA7}.AppStore|Any CPU.Build.0 = Debug|Any CPU
		{498CF4C1-17E7-461D-A0B3-15688B40EDA7}.AppStore|iPhone.ActiveCfg = Debug|Any CPU
		{498CF4C1-17E7-461D-A0B3-15688B40EDA7}.AppStore|iPhone.Build.0 = Debug|Any CPU
		{498CF4C1-17E7-461D-A0B3-15688B40EDA7}.AppStore|iPhoneSimulator.ActiveCfg = Debug|Any CPU
		{498CF4C1-17E7-461D-A0B3-15688B40EDA7}.AppStore|iPhoneSimulator.Build.0 = Debug|Any CPU
		{498CF4C1-17E7-461D-A0B3-15688B40EDA7}.Debug|Any CPU.ActiveCfg = Debug|Any CPU
		{498CF4C1-17E7-461D-A0B3-15688B40EDA7}.Debug|Any CPU.Build.0 = Debug|Any CPU
		{498CF4C1-17E7-461D-A0B3-15688B40EDA7}.Debug|iPhone.ActiveCfg = Debug|Any CPU
		{498CF4C1-17E7-461D-A0B3-15688B40EDA7}.Debug|iPhone.Build.0 = Debug|Any CPU
		{498CF4C1-17E7-461D-A0B3-15688B40EDA7}.Debug|iPhoneSimulator.ActiveCfg = Debug|Any CPU
		{498CF4C1-17E7-461D-A0B3-15688B40EDA7}.Debug|iPhoneSimulator.Build.0 = Debug|Any CPU
		{498CF4C1-17E7-461D-A0B3-15688B40EDA7}.Release|Any CPU.ActiveCfg = Release|Any CPU
		{498CF4C1-17E7-461D-A0B3-15688B40EDA7}.Release|Any CPU.Build.0 = Release|Any CPU
		{498CF4C1-17E7-461D-A0B3-15688B40EDA7}.Release|iPhone.ActiveCfg = Release|Any CPU
		{498CF4C1-17E7-461D-A0B3-15688B40EDA7}.Release|iPhone.Build.0 = Release|Any CPU
		{498CF4C1-17E7-461D-A0B3-15688B40EDA7}.Release|iPhoneSimulator.ActiveCfg = Release|Any CPU
		{498CF4C1-17E7-461D-A0B3-15688B40EDA7}.Release|iPhoneSimulator.Build.0 = Release|Any CPU
		{38402CEF-2AF4-459A-B2FB-29375236B95A}.Ad-Hoc|Any CPU.ActiveCfg = Debug|Any CPU
		{38402CEF-2AF4-459A-B2FB-29375236B95A}.Ad-Hoc|Any CPU.Build.0 = Debug|Any CPU
		{38402CEF-2AF4-459A-B2FB-29375236B95A}.Ad-Hoc|iPhone.ActiveCfg = Debug|Any CPU
		{38402CEF-2AF4-459A-B2FB-29375236B95A}.Ad-Hoc|iPhone.Build.0 = Debug|Any CPU
		{38402CEF-2AF4-459A-B2FB-29375236B95A}.Ad-Hoc|iPhoneSimulator.ActiveCfg = Debug|Any CPU
		{38402CEF-2AF4-459A-B2FB-29375236B95A}.Ad-Hoc|iPhoneSimulator.Build.0 = Debug|Any CPU
		{38402CEF-2AF4-459A-B2FB-29375236B95A}.AppStore|Any CPU.ActiveCfg = Debug|Any CPU
		{38402CEF-2AF4-459A-B2FB-29375236B95A}.AppStore|Any CPU.Build.0 = Debug|Any CPU
		{38402CEF-2AF4-459A-B2FB-29375236B95A}.AppStore|iPhone.ActiveCfg = Debug|Any CPU
		{38402CEF-2AF4-459A-B2FB-29375236B95A}.AppStore|iPhone.Build.0 = Debug|Any CPU
		{38402CEF-2AF4-459A-B2FB-29375236B95A}.AppStore|iPhoneSimulator.ActiveCfg = Debug|Any CPU
		{38402CEF-2AF4-459A-B2FB-29375236B95A}.AppStore|iPhoneSimulator.Build.0 = Debug|Any CPU
		{38402CEF-2AF4-459A-B2FB-29375236B95A}.Debug|Any CPU.ActiveCfg = Debug|Any CPU
		{38402CEF-2AF4-459A-B2FB-29375236B95A}.Debug|Any CPU.Build.0 = Debug|Any CPU
		{38402CEF-2AF4-459A-B2FB-29375236B95A}.Debug|iPhone.ActiveCfg = Debug|Any CPU
		{38402CEF-2AF4-459A-B2FB-29375236B95A}.Debug|iPhone.Build.0 = Debug|Any CPU
		{38402CEF-2AF4-459A-B2FB-29375236B95A}.Debug|iPhoneSimulator.ActiveCfg = Debug|Any CPU
		{38402CEF-2AF4-459A-B2FB-29375236B95A}.Debug|iPhoneSimulator.Build.0 = Debug|Any CPU
		{38402CEF-2AF4-459A-B2FB-29375236B95A}.Release|Any CPU.ActiveCfg = Release|Any CPU
		{38402CEF-2AF4-459A-B2FB-29375236B95A}.Release|Any CPU.Build.0 = Release|Any CPU
		{38402CEF-2AF4-459A-B2FB-29375236B95A}.Release|iPhone.ActiveCfg = Release|Any CPU
		{38402CEF-2AF4-459A-B2FB-29375236B95A}.Release|iPhone.Build.0 = Release|Any CPU
		{38402CEF-2AF4-459A-B2FB-29375236B95A}.Release|iPhoneSimulator.ActiveCfg = Release|Any CPU
		{38402CEF-2AF4-459A-B2FB-29375236B95A}.Release|iPhoneSimulator.Build.0 = Release|Any CPU
		{BB89381B-39FB-4B09-9C8B-D3DA449684FF}.Ad-Hoc|Any CPU.ActiveCfg = Release|Any CPU
		{BB89381B-39FB-4B09-9C8B-D3DA449684FF}.Ad-Hoc|Any CPU.Build.0 = Release|Any CPU
		{BB89381B-39FB-4B09-9C8B-D3DA449684FF}.Ad-Hoc|Any CPU.Deploy.0 = Release|Any CPU
		{BB89381B-39FB-4B09-9C8B-D3DA449684FF}.Ad-Hoc|iPhone.ActiveCfg = Release|Any CPU
		{BB89381B-39FB-4B09-9C8B-D3DA449684FF}.Ad-Hoc|iPhone.Build.0 = Release|Any CPU
		{BB89381B-39FB-4B09-9C8B-D3DA449684FF}.Ad-Hoc|iPhone.Deploy.0 = Release|Any CPU
		{BB89381B-39FB-4B09-9C8B-D3DA449684FF}.Ad-Hoc|iPhoneSimulator.ActiveCfg = Release|Any CPU
		{BB89381B-39FB-4B09-9C8B-D3DA449684FF}.Ad-Hoc|iPhoneSimulator.Build.0 = Release|Any CPU
		{BB89381B-39FB-4B09-9C8B-D3DA449684FF}.Ad-Hoc|iPhoneSimulator.Deploy.0 = Release|Any CPU
		{BB89381B-39FB-4B09-9C8B-D3DA449684FF}.AppStore|Any CPU.ActiveCfg = Release|Any CPU
		{BB89381B-39FB-4B09-9C8B-D3DA449684FF}.AppStore|Any CPU.Build.0 = Release|Any CPU
		{BB89381B-39FB-4B09-9C8B-D3DA449684FF}.AppStore|Any CPU.Deploy.0 = Release|Any CPU
		{BB89381B-39FB-4B09-9C8B-D3DA449684FF}.AppStore|iPhone.ActiveCfg = Release|Any CPU
		{BB89381B-39FB-4B09-9C8B-D3DA449684FF}.AppStore|iPhone.Build.0 = Release|Any CPU
		{BB89381B-39FB-4B09-9C8B-D3DA449684FF}.AppStore|iPhone.Deploy.0 = Release|Any CPU
		{BB89381B-39FB-4B09-9C8B-D3DA449684FF}.AppStore|iPhoneSimulator.ActiveCfg = Release|Any CPU
		{BB89381B-39FB-4B09-9C8B-D3DA449684FF}.AppStore|iPhoneSimulator.Build.0 = Release|Any CPU
		{BB89381B-39FB-4B09-9C8B-D3DA449684FF}.AppStore|iPhoneSimulator.Deploy.0 = Release|Any CPU
		{BB89381B-39FB-4B09-9C8B-D3DA449684FF}.Debug|Any CPU.ActiveCfg = Debug|Any CPU
		{BB89381B-39FB-4B09-9C8B-D3DA449684FF}.Debug|Any CPU.Build.0 = Debug|Any CPU
		{BB89381B-39FB-4B09-9C8B-D3DA449684FF}.Debug|Any CPU.Deploy.0 = Debug|Any CPU
		{BB89381B-39FB-4B09-9C8B-D3DA449684FF}.Debug|iPhone.ActiveCfg = Debug|Any CPU
		{BB89381B-39FB-4B09-9C8B-D3DA449684FF}.Debug|iPhone.Build.0 = Debug|Any CPU
		{BB89381B-39FB-4B09-9C8B-D3DA449684FF}.Debug|iPhone.Deploy.0 = Debug|Any CPU
		{BB89381B-39FB-4B09-9C8B-D3DA449684FF}.Debug|iPhoneSimulator.ActiveCfg = Debug|Any CPU
		{BB89381B-39FB-4B09-9C8B-D3DA449684FF}.Debug|iPhoneSimulator.Build.0 = Debug|Any CPU
		{BB89381B-39FB-4B09-9C8B-D3DA449684FF}.Debug|iPhoneSimulator.Deploy.0 = Debug|Any CPU
		{BB89381B-39FB-4B09-9C8B-D3DA449684FF}.Release|Any CPU.ActiveCfg = Release|Any CPU
		{BB89381B-39FB-4B09-9C8B-D3DA449684FF}.Release|Any CPU.Build.0 = Release|Any CPU
		{BB89381B-39FB-4B09-9C8B-D3DA449684FF}.Release|Any CPU.Deploy.0 = Release|Any CPU
		{BB89381B-39FB-4B09-9C8B-D3DA449684FF}.Release|iPhone.ActiveCfg = Release|Any CPU
		{BB89381B-39FB-4B09-9C8B-D3DA449684FF}.Release|iPhone.Build.0 = Release|Any CPU
		{BB89381B-39FB-4B09-9C8B-D3DA449684FF}.Release|iPhone.Deploy.0 = Release|Any CPU
		{BB89381B-39FB-4B09-9C8B-D3DA449684FF}.Release|iPhoneSimulator.ActiveCfg = Release|Any CPU
		{BB89381B-39FB-4B09-9C8B-D3DA449684FF}.Release|iPhoneSimulator.Build.0 = Release|Any CPU
		{BB89381B-39FB-4B09-9C8B-D3DA449684FF}.Release|iPhoneSimulator.Deploy.0 = Release|Any CPU
		{D9F492ED-46FA-49B3-9810-376B9A10F5E4}.Ad-Hoc|Any CPU.ActiveCfg = Ad-Hoc|iPhone
		{D9F492ED-46FA-49B3-9810-376B9A10F5E4}.Ad-Hoc|iPhone.ActiveCfg = Ad-Hoc|iPhone
		{D9F492ED-46FA-49B3-9810-376B9A10F5E4}.Ad-Hoc|iPhone.Build.0 = Ad-Hoc|iPhone
		{D9F492ED-46FA-49B3-9810-376B9A10F5E4}.Ad-Hoc|iPhoneSimulator.ActiveCfg = Ad-Hoc|iPhoneSimulator
		{D9F492ED-46FA-49B3-9810-376B9A10F5E4}.Ad-Hoc|iPhoneSimulator.Build.0 = Ad-Hoc|iPhoneSimulator
		{D9F492ED-46FA-49B3-9810-376B9A10F5E4}.AppStore|Any CPU.ActiveCfg = AppStore|iPhone
		{D9F492ED-46FA-49B3-9810-376B9A10F5E4}.AppStore|iPhone.ActiveCfg = AppStore|iPhone
		{D9F492ED-46FA-49B3-9810-376B9A10F5E4}.AppStore|iPhone.Build.0 = AppStore|iPhone
		{D9F492ED-46FA-49B3-9810-376B9A10F5E4}.AppStore|iPhoneSimulator.ActiveCfg = AppStore|iPhoneSimulator
		{D9F492ED-46FA-49B3-9810-376B9A10F5E4}.AppStore|iPhoneSimulator.Build.0 = AppStore|iPhoneSimulator
		{D9F492ED-46FA-49B3-9810-376B9A10F5E4}.Debug|Any CPU.ActiveCfg = Debug|iPhone
		{D9F492ED-46FA-49B3-9810-376B9A10F5E4}.Debug|iPhone.ActiveCfg = Debug|iPhone
		{D9F492ED-46FA-49B3-9810-376B9A10F5E4}.Debug|iPhone.Build.0 = Debug|iPhone
		{D9F492ED-46FA-49B3-9810-376B9A10F5E4}.Debug|iPhoneSimulator.ActiveCfg = Debug|iPhoneSimulator
		{D9F492ED-46FA-49B3-9810-376B9A10F5E4}.Debug|iPhoneSimulator.Build.0 = Debug|iPhoneSimulator
		{D9F492ED-46FA-49B3-9810-376B9A10F5E4}.Release|Any CPU.ActiveCfg = Release|iPhone
		{D9F492ED-46FA-49B3-9810-376B9A10F5E4}.Release|iPhone.ActiveCfg = Release|iPhone
		{D9F492ED-46FA-49B3-9810-376B9A10F5E4}.Release|iPhone.Build.0 = Release|iPhone
		{D9F492ED-46FA-49B3-9810-376B9A10F5E4}.Release|iPhoneSimulator.ActiveCfg = Release|iPhoneSimulator
		{D9F492ED-46FA-49B3-9810-376B9A10F5E4}.Release|iPhoneSimulator.Build.0 = Release|iPhoneSimulator
		{43BB786D-4B3F-430C-B6CF-2945B3358751}.Ad-Hoc|Any CPU.ActiveCfg = Release|Any CPU
		{43BB786D-4B3F-430C-B6CF-2945B3358751}.Ad-Hoc|Any CPU.Build.0 = Release|Any CPU
		{43BB786D-4B3F-430C-B6CF-2945B3358751}.Ad-Hoc|Any CPU.Deploy.0 = Release|Any CPU
		{43BB786D-4B3F-430C-B6CF-2945B3358751}.Ad-Hoc|iPhone.ActiveCfg = Release|Any CPU
		{43BB786D-4B3F-430C-B6CF-2945B3358751}.Ad-Hoc|iPhone.Build.0 = Release|Any CPU
		{43BB786D-4B3F-430C-B6CF-2945B3358751}.Ad-Hoc|iPhone.Deploy.0 = Release|Any CPU
		{43BB786D-4B3F-430C-B6CF-2945B3358751}.Ad-Hoc|iPhoneSimulator.ActiveCfg = Release|Any CPU
		{43BB786D-4B3F-430C-B6CF-2945B3358751}.Ad-Hoc|iPhoneSimulator.Build.0 = Release|Any CPU
		{43BB786D-4B3F-430C-B6CF-2945B3358751}.Ad-Hoc|iPhoneSimulator.Deploy.0 = Release|Any CPU
		{43BB786D-4B3F-430C-B6CF-2945B3358751}.AppStore|Any CPU.ActiveCfg = Release|Any CPU
		{43BB786D-4B3F-430C-B6CF-2945B3358751}.AppStore|Any CPU.Build.0 = Release|Any CPU
		{43BB786D-4B3F-430C-B6CF-2945B3358751}.AppStore|Any CPU.Deploy.0 = Release|Any CPU
		{43BB786D-4B3F-430C-B6CF-2945B3358751}.AppStore|iPhone.ActiveCfg = Release|Any CPU
		{43BB786D-4B3F-430C-B6CF-2945B3358751}.AppStore|iPhone.Build.0 = Release|Any CPU
		{43BB786D-4B3F-430C-B6CF-2945B3358751}.AppStore|iPhone.Deploy.0 = Release|Any CPU
		{43BB786D-4B3F-430C-B6CF-2945B3358751}.AppStore|iPhoneSimulator.ActiveCfg = Release|Any CPU
		{43BB786D-4B3F-430C-B6CF-2945B3358751}.AppStore|iPhoneSimulator.Build.0 = Release|Any CPU
		{43BB786D-4B3F-430C-B6CF-2945B3358751}.AppStore|iPhoneSimulator.Deploy.0 = Release|Any CPU
		{43BB786D-4B3F-430C-B6CF-2945B3358751}.Debug|Any CPU.ActiveCfg = Debug|Any CPU
		{43BB786D-4B3F-430C-B6CF-2945B3358751}.Debug|Any CPU.Build.0 = Debug|Any CPU
		{43BB786D-4B3F-430C-B6CF-2945B3358751}.Debug|Any CPU.Deploy.0 = Debug|Any CPU
		{43BB786D-4B3F-430C-B6CF-2945B3358751}.Debug|iPhone.ActiveCfg = Debug|Any CPU
		{43BB786D-4B3F-430C-B6CF-2945B3358751}.Debug|iPhone.Build.0 = Debug|Any CPU
		{43BB786D-4B3F-430C-B6CF-2945B3358751}.Debug|iPhone.Deploy.0 = Debug|Any CPU
		{43BB786D-4B3F-430C-B6CF-2945B3358751}.Debug|iPhoneSimulator.ActiveCfg = Debug|Any CPU
		{43BB786D-4B3F-430C-B6CF-2945B3358751}.Debug|iPhoneSimulator.Build.0 = Debug|Any CPU
		{43BB786D-4B3F-430C-B6CF-2945B3358751}.Debug|iPhoneSimulator.Deploy.0 = Debug|Any CPU
		{43BB786D-4B3F-430C-B6CF-2945B3358751}.Release|Any CPU.ActiveCfg = Release|Any CPU
		{43BB786D-4B3F-430C-B6CF-2945B3358751}.Release|Any CPU.Build.0 = Release|Any CPU
		{43BB786D-4B3F-430C-B6CF-2945B3358751}.Release|Any CPU.Deploy.0 = Release|Any CPU
		{43BB786D-4B3F-430C-B6CF-2945B3358751}.Release|iPhone.ActiveCfg = Release|Any CPU
		{43BB786D-4B3F-430C-B6CF-2945B3358751}.Release|iPhone.Build.0 = Release|Any CPU
		{43BB786D-4B3F-430C-B6CF-2945B3358751}.Release|iPhone.Deploy.0 = Release|Any CPU
		{43BB786D-4B3F-430C-B6CF-2945B3358751}.Release|iPhoneSimulator.ActiveCfg = Release|Any CPU
		{43BB786D-4B3F-430C-B6CF-2945B3358751}.Release|iPhoneSimulator.Build.0 = Release|Any CPU
		{43BB786D-4B3F-430C-B6CF-2945B3358751}.Release|iPhoneSimulator.Deploy.0 = Release|Any CPU
		{B1BF93DC-C59B-46B1-8300-E6E26BB537E7}.Ad-Hoc|Any CPU.ActiveCfg = Release|iPhone
		{B1BF93DC-C59B-46B1-8300-E6E26BB537E7}.Ad-Hoc|Any CPU.Build.0 = Release|iPhone
		{B1BF93DC-C59B-46B1-8300-E6E26BB537E7}.Ad-Hoc|iPhone.ActiveCfg = Release|iPhone
		{B1BF93DC-C59B-46B1-8300-E6E26BB537E7}.Ad-Hoc|iPhone.Build.0 = Release|iPhone
		{B1BF93DC-C59B-46B1-8300-E6E26BB537E7}.Ad-Hoc|iPhoneSimulator.ActiveCfg = Release|iPhoneSimulator
		{B1BF93DC-C59B-46B1-8300-E6E26BB537E7}.Ad-Hoc|iPhoneSimulator.Build.0 = Release|iPhoneSimulator
		{B1BF93DC-C59B-46B1-8300-E6E26BB537E7}.AppStore|Any CPU.ActiveCfg = Release|iPhone
		{B1BF93DC-C59B-46B1-8300-E6E26BB537E7}.AppStore|Any CPU.Build.0 = Release|iPhone
		{B1BF93DC-C59B-46B1-8300-E6E26BB537E7}.AppStore|iPhone.ActiveCfg = Release|iPhone
		{B1BF93DC-C59B-46B1-8300-E6E26BB537E7}.AppStore|iPhone.Build.0 = Release|iPhone
		{B1BF93DC-C59B-46B1-8300-E6E26BB537E7}.AppStore|iPhoneSimulator.ActiveCfg = Release|iPhoneSimulator
		{B1BF93DC-C59B-46B1-8300-E6E26BB537E7}.AppStore|iPhoneSimulator.Build.0 = Release|iPhoneSimulator
		{B1BF93DC-C59B-46B1-8300-E6E26BB537E7}.Debug|Any CPU.ActiveCfg = Debug|iPhone
		{B1BF93DC-C59B-46B1-8300-E6E26BB537E7}.Debug|iPhone.ActiveCfg = Debug|iPhone
		{B1BF93DC-C59B-46B1-8300-E6E26BB537E7}.Debug|iPhone.Build.0 = Debug|iPhone
		{B1BF93DC-C59B-46B1-8300-E6E26BB537E7}.Debug|iPhoneSimulator.ActiveCfg = Debug|iPhoneSimulator
		{B1BF93DC-C59B-46B1-8300-E6E26BB537E7}.Debug|iPhoneSimulator.Build.0 = Debug|iPhoneSimulator
		{B1BF93DC-C59B-46B1-8300-E6E26BB537E7}.Release|Any CPU.ActiveCfg = Release|iPhone
		{B1BF93DC-C59B-46B1-8300-E6E26BB537E7}.Release|iPhone.ActiveCfg = Release|iPhone
		{B1BF93DC-C59B-46B1-8300-E6E26BB537E7}.Release|iPhone.Build.0 = Release|iPhone
		{B1BF93DC-C59B-46B1-8300-E6E26BB537E7}.Release|iPhoneSimulator.ActiveCfg = Release|iPhoneSimulator
		{B1BF93DC-C59B-46B1-8300-E6E26BB537E7}.Release|iPhoneSimulator.Build.0 = Release|iPhoneSimulator
	EndGlobalSection
	GlobalSection(SolutionProperties) = preSolution
		HideSolutionNode = FALSE
	EndGlobalSection
	GlobalSection(ExtensibilityGlobals) = postSolution
		SolutionGuid = {B74F6411-2912-4FB9-9EF4-C4E4AA5AC0F7}
	EndGlobalSection
EndGlobal
